// !$*UTF8*$!
{
	archiveVersion = 1;
	classes = {
	};
	objectVersion = 50;
	objects = {

/* Begin PBXBuildFile section */
		D113F6F8254E42E700C92468 /* AppDelegate.swift in Sources */ = {isa = PBXBuildFile; fileRef = D113F6F7254E42E700C92468 /* AppDelegate.swift */; };
		D113F6FA254E42E700C92468 /* SceneDelegate.swift in Sources */ = {isa = PBXBuildFile; fileRef = D113F6F9254E42E700C92468 /* SceneDelegate.swift */; };
		D113F6FC254E42E700C92468 /* ViewController.swift in Sources */ = {isa = PBXBuildFile; fileRef = D113F6FB254E42E700C92468 /* ViewController.swift */; };
		D113F6FF254E42E700C92468 /* Main.storyboard in Resources */ = {isa = PBXBuildFile; fileRef = D113F6FD254E42E700C92468 /* Main.storyboard */; };
		D113F701254E42E800C92468 /* Assets.xcassets in Resources */ = {isa = PBXBuildFile; fileRef = D113F700254E42E800C92468 /* Assets.xcassets */; };
		D113F704254E42E800C92468 /* LaunchScreen.storyboard in Resources */ = {isa = PBXBuildFile; fileRef = D113F702254E42E800C92468 /* LaunchScreen.storyboard */; };
		D113F710254E438900C92468 /* CollectionTableViewCell.swift in Sources */ = {isa = PBXBuildFile; fileRef = D113F70E254E438900C92468 /* CollectionTableViewCell.swift */; };
		D113F711254E438900C92468 /* CollectionTableViewCell.xib in Resources */ = {isa = PBXBuildFile; fileRef = D113F70F254E438900C92468 /* CollectionTableViewCell.xib */; };
		D113F715254E43CF00C92468 /* MyCollectionViewCell.swift in Sources */ = {isa = PBXBuildFile; fileRef = D113F713254E43CF00C92468 /* MyCollectionViewCell.swift */; };
		D113F716254E43CF00C92468 /* MyCollectionViewCell.xib in Resources */ = {isa = PBXBuildFile; fileRef = D113F714254E43CF00C92468 /* MyCollectionViewCell.xib */; };
/* End PBXBuildFile section */

/* Begin PBXFileReference section */
		D113F6F4254E42E700C92468 /* CollectionCell.app */ = {isa = PBXFileReference; explicitFileType = wrapper.application; includeInIndex = 0; path = CollectionCell.app; sourceTree = BUILT_PRODUCTS_DIR; };
		D113F6F7254E42E700C92468 /* AppDelegate.swift */ = {isa = PBXFileReference; lastKnownFileType = sourcecode.swift; path = AppDelegate.swift; sourceTree = "<group>"; };
		D113F6F9254E42E700C92468 /* SceneDelegate.swift */ = {isa = PBXFileReference; lastKnownFileType = sourcecode.swift; path = SceneDelegate.swift; sourceTree = "<group>"; };
		D113F6FB254E42E700C92468 /* ViewController.swift */ = {isa = PBXFileReference; lastKnownFileType = sourcecode.swift; path = ViewController.swift; sourceTree = "<group>"; };
		D113F6FE254E42E700C92468 /* Base */ = {isa = PBXFileReference; lastKnownFileType = file.storyboard; name = Base; path = Base.lproj/Main.storyboard; sourceTree = "<group>"; };
		D113F700254E42E800C92468 /* Assets.xcassets */ = {isa = PBXFileReference; lastKnownFileType = folder.assetcatalog; path = Assets.xcassets; sourceTree = "<group>"; };
		D113F703254E42E800C92468 /* Base */ = {isa = PBXFileReference; lastKnownFileType = file.storyboard; name = Base; path = Base.lproj/LaunchScreen.storyboard; sourceTree = "<group>"; };
		D113F705254E42E800C92468 /* Info.plist */ = {isa = PBXFileReference; lastKnownFileType = text.plist.xml; path = Info.plist; sourceTree = "<group>"; };
		D113F70E254E438900C92468 /* CollectionTableViewCell.swift */ = {isa = PBXFileReference; lastKnownFileType = sourcecode.swift; path = CollectionTableViewCell.swift; sourceTree = "<group>"; };
		D113F70F254E438900C92468 /* CollectionTableViewCell.xib */ = {isa = PBXFileReference; lastKnownFileType = file.xib; path = CollectionTableViewCell.xib; sourceTree = "<group>"; };
		D113F713254E43CF00C92468 /* MyCollectionViewCell.swift */ = {isa = PBXFileReference; lastKnownFileType = sourcecode.swift; path = MyCollectionViewCell.swift; sourceTree = "<group>"; };
		D113F714254E43CF00C92468 /* MyCollectionViewCell.xib */ = {isa = PBXFileReference; lastKnownFileType = file.xib; path = MyCollectionViewCell.xib; sourceTree = "<group>"; };
/* End PBXFileReference section */

/* Begin PBXFrameworksBuildPhase section */
		D113F6F1254E42E700C92468 /* Frameworks */ = {
			isa = PBXFrameworksBuildPhase;
			buildActionMask = 2147483647;
			files = (
			);
			runOnlyForDeploymentPostprocessing = 0;
		};
/* End PBXFrameworksBuildPhase section */

/* Begin PBXGroup section */
		D113F6EB254E42E700C92468 = {
			isa = PBXGroup;
			children = (
				D113F6F6254E42E700C92468 /* CollectionCell */,
				D113F6F5254E42E700C92468 /* Products */,
			);
			sourceTree = "<group>";
		};
		D113F6F5254E42E700C92468 /* Products */ = {
			isa = PBXGroup;
			children = (
				D113F6F4254E42E700C92468 /* CollectionCell.app */,
			);
			name = Products;
			sourceTree = "<group>";
		};
		D113F6F6254E42E700C92468 /* CollectionCell */ = {
			isa = PBXGroup;
			children = (
				D113F70D254E433B00C92468 /* Table Cell */,
				D113F70C254E432A00C92468 /* Collection Cell */,
				D113F6F7254E42E700C92468 /* AppDelegate.swift */,
				D113F6F9254E42E700C92468 /* SceneDelegate.swift */,
				D113F6FB254E42E700C92468 /* ViewController.swift */,
				D113F6FD254E42E700C92468 /* Main.storyboard */,
				D113F700254E42E800C92468 /* Assets.xcassets */,
				D113F702254E42E800C92468 /* LaunchScreen.storyboard */,
				D113F705254E42E800C92468 /* Info.plist */,
			);
			path = CollectionCell;
			sourceTree = "<group>";
		};
		D113F70C254E432A00C92468 /* Collection Cell */ = {
			isa = PBXGroup;
			children = (
				D113F713254E43CF00C92468 /* MyCollectionViewCell.swift */,
				D113F714254E43CF00C92468 /* MyCollectionViewCell.xib */,
			);
			path = "Collection Cell";
			sourceTree = "<group>";
		};
		D113F70D254E433B00C92468 /* Table Cell */ = {
			isa = PBXGroup;
			children = (
				D113F70E254E438900C92468 /* CollectionTableViewCell.swift */,
				D113F70F254E438900C92468 /* CollectionTableViewCell.xib */,
			);
			path = "Table Cell";
			sourceTree = "<group>";
		};
/* End PBXGroup section */

/* Begin PBXNativeTarget section */
		D113F6F3254E42E700C92468 /* CollectionCell */ = {
			isa = PBXNativeTarget;
			buildConfigurationList = D113F708254E42E800C92468 /* Build configuration list for PBXNativeTarget "CollectionCell" */;
			buildPhases = (
				D113F6F0254E42E700C92468 /* Sources */,
				D113F6F1254E42E700C92468 /* Frameworks */,
				D113F6F2254E42E700C92468 /* Resources */,
			);
			buildRules = (
			);
			dependencies = (
			);
			name = CollectionCell;
			productName = CollectionCell;
			productReference = D113F6F4254E42E700C92468 /* CollectionCell.app */;
			productType = "com.apple.product-type.application";
		};
/* End PBXNativeTarget section */

/* Begin PBXProject section */
		D113F6EC254E42E700C92468 /* Project object */ = {
			isa = PBXProject;
			attributes = {
				LastSwiftUpdateCheck = 1210;
				LastUpgradeCheck = 1210;
				TargetAttributes = {
					D113F6F3254E42E700C92468 = {
						CreatedOnToolsVersion = 12.1;
					};
				};
			};
			buildConfigurationList = D113F6EF254E42E700C92468 /* Build configuration list for PBXProject "CollectionCell" */;
			compatibilityVersion = "Xcode 9.3";
			developmentRegion = en;
			hasScannedForEncodings = 0;
			knownRegions = (
				en,
				Base,
			);
			mainGroup = D113F6EB254E42E700C92468;
			productRefGroup = D113F6F5254E42E700C92468 /* Products */;
			projectDirPath = "";
			projectRoot = "";
			targets = (
				D113F6F3254E42E700C92468 /* CollectionCell */,
			);
		};
/* End PBXProject section */

/* Begin PBXResourcesBuildPhase section */
		D113F6F2254E42E700C92468 /* Resources */ = {
			isa = PBXResourcesBuildPhase;
			buildActionMask = 2147483647;
			files = (
				D113F716254E43CF00C92468 /* MyCollectionViewCell.xib in Resources */,
				D113F704254E42E800C92468 /* LaunchScreen.storyboard in Resources */,
				D113F701254E42E800C92468 /* Assets.xcassets in Resources */,
				D113F6FF254E42E700C92468 /* Main.storyboard in Resources */,
				D113F711254E438900C92468 /* CollectionTableViewCell.xib in Resources */,
			);
			runOnlyForDeploymentPostprocessing = 0;
		};
/* End PBXResourcesBuildPhase section */

/* Begin PBXSourcesBuildPhase section */
		D113F6F0254E42E700C92468 /* Sources */ = {
			isa = PBXSourcesBuildPhase;
			buildActionMask = 2147483647;
			files = (
				D113F6FC254E42E700C92468 /* ViewController.swift in Sources */,
				D113F715254E43CF00C92468 /* MyCollectionViewCell.swift in Sources */,
				D113F6F8254E42E700C92468 /* AppDelegate.swift in Sources */,
				D113F6FA254E42E700C92468 /* SceneDelegate.swift in Sources */,
				D113F710254E438900C92468 /* CollectionTableViewCell.swift in Sources */,
			);
			runOnlyForDeploymentPostprocessing = 0;
		};
/* End PBXSourcesBuildPhase section */

/* Begin PBXVariantGroup section */
		D113F6FD254E42E700C92468 /* Main.storyboard */ = {
			isa = PBXVariantGroup;
			children = (
				D113F6FE254E42E700C92468 /* Base */,
			);
			name = Main.storyboard;
			sourceTree = "<group>";
		};
		D113F702254E42E800C92468 /* LaunchScreen.storyboard */ = {
			isa = PBXVariantGroup;
			children = (
				D113F703254E42E800C92468 /* Base */,
			);
			name = LaunchScreen.storyboard;
			sourceTree = "<group>";
		};
/* End PBXVariantGroup section */

/* Begin XCBuildConfiguration section */
		D113F706254E42E800C92468 /* Debug */ = {
			isa = XCBuildConfiguration;
			buildSettings = {
				ALWAYS_SEARCH_USER_PATHS = NO;
				CLANG_ANALYZER_NONNULL = YES;
				CLANG_ANALYZER_NUMBER_OBJECT_CONVERSION = YES_AGGRESSIVE;
				CLANG_CXX_LANGUAGE_STANDARD = "gnu++14";
				CLANG_CXX_LIBRARY = "libc++";
				CLANG_ENABLE_MODULES = YES;
				CLANG_ENABLE_OBJC_ARC = YES;
				CLANG_ENABLE_OBJC_WEAK = YES;
				CLANG_WARN_BLOCK_CAPTURE_AUTORELEASING = YES;
				CLANG_WARN_BOOL_CONVERSION = YES;
				CLANG_WARN_COMMA = YES;
				CLANG_WARN_CONSTANT_CONVERSION = YES;
				CLANG_WARN_DEPRECATED_OBJC_IMPLEMENTATIONS = YES;
				CLANG_WARN_DIRECT_OBJC_ISA_USAGE = YES_ERROR;
				CLANG_WARN_DOCUMENTATION_COMMENTS = YES;
				CLANG_WARN_EMPTY_BODY = YES;
				CLANG_WARN_ENUM_CONVERSION = YES;
				CLANG_WARN_INFINITE_RECURSION = YES;
				CLANG_WARN_INT_CONVERSION = YES;
				CLANG_WARN_NON_LITERAL_NULL_CONVERSION = YES;
				CLANG_WARN_OBJC_IMPLICIT_RETAIN_SELF = YES;
				CLANG_WARN_OBJC_LITERAL_CONVERSION = YES;
				CLANG_WARN_OBJC_ROOT_CLASS = YES_ERROR;
				CLANG_WARN_QUOTED_INCLUDE_IN_FRAMEWORK_HEADER = YES;
				CLANG_WARN_RANGE_LOOP_ANALYSIS = YES;
				CLANG_WARN_STRICT_PROTOTYPES = YES;
				CLANG_WARN_SUSPICIOUS_MOVE = YES;
				CLANG_WARN_UNGUARDED_AVAILABILITY = YES_AGGRESSIVE;
				CLANG_WARN_UNREACHABLE_CODE = YES;
				CLANG_WARN__DUPLICATE_METHOD_MATCH = YES;
				COPY_PHASE_STRIP = NO;
				DEBUG_INFORMATION_FORMAT = dwarf;
				ENABLE_STRICT_OBJC_MSGSEND = YES;
				ENABLE_TESTABILITY = YES;
				GCC_C_LANGUAGE_STANDARD = gnu11;
				GCC_DYNAMIC_NO_PIC = NO;
				GCC_NO_COMMON_BLOCKS = YES;
				GCC_OPTIMIZATION_LEVEL = 0;
				GCC_PREPROCESSOR_DEFINITIONS = (
					"DEBUG=1",
					"$(inherited)",
				);
				GCC_WARN_64_TO_32_BIT_CONVERSION = YES;
				GCC_WARN_ABOUT_RETURN_TYPE = YES_ERROR;
				GCC_WARN_UNDECLARED_SELECTOR = YES;
				GCC_WARN_UNINITIALIZED_AUTOS = YES_AGGRESSIVE;
				GCC_WARN_UNUSED_FUNCTION = YES;
				GCC_WARN_UNUSED_VARIABLE = YES;
				IPHONEOS_DEPLOYMENT_TARGET = 14.1;
				MTL_ENABLE_DEBUG_INFO = INCLUDE_SOURCE;
				MTL_FAST_MATH = YES;
				ONLY_ACTIVE_ARCH = YES;
				SDKROOT = iphoneos;
				SWIFT_ACTIVE_COMPILATION_CONDITIONS = DEBUG;
				SWIFT_OPTIMIZATION_LEVEL = "-Onone";
			};
			name = Debug;
		};
		D113F707254E42E800C92468 /* Release */ = {
			isa = XCBuildConfiguration;
			buildSettings = {
				ALWAYS_SEARCH_USER_PATHS = NO;
				CLANG_ANALYZER_NONNULL = YES;
				CLANG_ANALYZER_NUMBER_OBJECT_CONVERSION = YES_AGGRESSIVE;
				CLANG_CXX_LANGUAGE_STANDARD = "gnu++14";
				CLANG_CXX_LIBRARY = "libc++";
				CLANG_ENABLE_MODULES = YES;
				CLANG_ENABLE_OBJC_ARC = YES;
				CLANG_ENABLE_OBJC_WEAK = YES;
				CLANG_WARN_BLOCK_CAPTURE_AUTORELEASING = YES;
				CLANG_WARN_BOOL_CONVERSION = YES;
				CLANG_WARN_COMMA = YES;
				CLANG_WARN_CONSTANT_CONVERSION = YES;
				CLANG_WARN_DEPRECATED_OBJC_IMPLEMENTATIONS = YES;
				CLANG_WARN_DIRECT_OBJC_ISA_USAGE = YES_ERROR;
				CLANG_WARN_DOCUMENTATION_COMMENTS = YES;
				CLANG_WARN_EMPTY_BODY = YES;
				CLANG_WARN_ENUM_CONVERSION = YES;
				CLANG_WARN_INFINITE_RECURSION = YES;
				CLANG_WARN_INT_CONVERSION = YES;
				CLANG_WARN_NON_LITERAL_NULL_CONVERSION = YES;
				CLANG_WARN_OBJC_IMPLICIT_RETAIN_SELF = YES;
				CLANG_WARN_OBJC_LITERAL_CONVERSION = YES;
				CLANG_WARN_OBJC_ROOT_CLASS = YES_ERROR;
				CLANG_WARN_QUOTED_INCLUDE_IN_FRAMEWORK_HEADER = YES;
				CLANG_WARN_RANGE_LOOP_ANALYSIS = YES;
				CLANG_WARN_STRICT_PROTOTYPES = YES;
				CLANG_WARN_SUSPICIOUS_MOVE = YES;
				CLANG_WARN_UNGUARDED_AVAILABILITY = YES_AGGRESSIVE;
				CLANG_WARN_UNREACHABLE_CODE = YES;
				CLANG_WARN__DUPLICATE_METHOD_MATCH = YES;
				COPY_PHASE_STRIP = NO;
				DEBUG_INFORMATION_FORMAT = "dwarf-with-dsym";
				ENABLE_NS_ASSERTIONS = NO;
				ENABLE_STRICT_OBJC_MSGSEND = YES;
				GCC_C_LANGUAGE_STANDARD = gnu11;
				GCC_NO_COMMON_BLOCKS = YES;
				GCC_WARN_64_TO_32_BIT_CONVERSION = YES;
				GCC_WARN_ABOUT_RETURN_TYPE = YES_ERROR;
				GCC_WARN_UNDECLARED_SELECTOR = YES;
				GCC_WARN_UNINITIALIZED_AUTOS = YES_AGGRESSIVE;
				GCC_WARN_UNUSED_FUNCTION = YES;
				GCC_WARN_UNUSED_VARIABLE = YES;
				IPHONEOS_DEPLOYMENT_TARGET = 14.1;
				MTL_ENABLE_DEBUG_INFO = NO;
				MTL_FAST_MATH = YES;
				SDKROOT = iphoneos;
				SWIFT_COMPILATION_MODE = wholemodule;
				SWIFT_OPTIMIZATION_LEVEL = "-O";
				VALIDATE_PRODUCT = YES;
			};
			name = Release;
		};
		D113F709254E42E800C92468 /* Debug */ = {
			isa = XCBuildConfiguration;
			buildSettings = {
				ASSETCATALOG_COMPILER_APPICON_NAME = AppIcon;
				ASSETCATALOG_COMPILER_GLOBAL_ACCENT_COLOR_NAME = AccentColor;
				CODE_SIGN_STYLE = Automatic;
				DEVELOPMENT_TEAM = Z56UVR5Q3Z;
				INFOPLIST_FILE = CollectionCell/Info.plist;
				LD_RUNPATH_SEARCH_PATHS = (
					"$(inherited)",
					"@executable_path/Frameworks",
				);
				PRODUCT_BUNDLE_IDENTIFIER = com.justynakowalkowska.CollectionCell;
				PRODUCT_NAME = "$(TARGET_NAME)";
				SWIFT_VERSION = 5.0;
				TARGETED_DEVICE_FAMILY = "1,2";
			};
			name = Debug;
		};
		D113F70A254E42E800C92468 /* Release */ = {
			isa = XCBuildConfiguration;
			buildSettings = {
				ASSETCATALOG_COMPILER_APPICON_NAME = AppIcon;
				ASSETCATALOG_COMPILER_GLOBAL_ACCENT_COLOR_NAME = AccentColor;
				CODE_SIGN_STYLE = Automatic;
				DEVELOPMENT_TEAM = Z56UVR5Q3Z;
				INFOPLIST_FILE = CollectionCell/Info.plist;
				LD_RUNPATH_SEARCH_PATHS = (
					"$(inherited)",
					"@executable_path/Frameworks",
				);
				PRODUCT_BUNDLE_IDENTIFIER = com.justynakowalkowska.CollectionCell;
				PRODUCT_NAME = "$(TARGET_NAME)";
				SWIFT_VERSION = 5.0;
				TARGETED_DEVICE_FAMILY = "1,2";
			};
			name = Release;
		};
/* End XCBuildConfiguration section */

/* Begin XCConfigurationList section */
		D113F6EF254E42E700C92468 /* Build configuration list for PBXProject "CollectionCell" */ = {
			isa = XCConfigurationList;
			buildConfigurations = (
				D113F706254E42E800C92468 /* Debug */,
				D113F707254E42E800C92468 /* Release */,
			);
			defaultConfigurationIsVisible = 0;
			defaultConfigurationName = Release;
		};
		D113F708254E42E800C92468 /* Build configuration list for PBXNativeTarget "CollectionCell" */ = {
			isa = XCConfigurationList;
			buildConfigurations = (
				D113F709254E42E800C92468 /* Debug */,
				D113F70A254E42E800C92468 /* Release */,
			);
			defaultConfigurationIsVisible = 0;
			defaultConfigurationName = Release;
		};
/* End XCConfigurationList section */
	};
	rootObject = D113F6EC254E42E700C92468 /* Project object */;
}
